
Microsoft Visual Studio Solution File, Format Version 12.00
# Visual Studio Version 16
VisualStudioVersion = 16.0.31702.278
MinimumVisualStudioVersion = 10.0.40219.1
Project("{2150E333-8FDC-42A3-9474-1A3956D46DE8}") = "Projects", "Projects", "{1E19A668-CD39-4FD0-9389-A9E18723818C}"
EndProject
Project("{2150E333-8FDC-42A3-9474-1A3956D46DE8}") = "Tests", "Tests", "{A91FAA08-175B-415D-9E14-1CD13DF6342F}"
EndProject
Project("{9A19103F-16F7-4668-BE54-9A1E7A4F7556}") = "QuestionManager", "QuestionManager\QuestionManager.csproj", "{4D98DAF8-2E68-457D-B770-F6C026B6FB18}"
EndProject
Project("{9A19103F-16F7-4668-BE54-9A1E7A4F7556}") = "QuestionManager.BLL", "QuestionManager.BLL\QuestionManager.BLL.csproj", "{CCA995B1-ABB9-4DEC-9E18-449F61FD9855}"
EndProject
Global
	GlobalSection(SolutionConfigurationPlatforms) = preSolution
		Debug|Any CPU = Debug|Any CPU
		Release|Any CPU = Release|Any CPU
	EndGlobalSection
	GlobalSection(ProjectConfigurationPlatforms) = postSolution
		{4D98DAF8-2E68-457D-B770-F6C026B6FB18}.Debug|Any CPU.ActiveCfg = Debug|Any CPU
		{4D98DAF8-2E68-457D-B770-F6C026B6FB18}.Debug|Any CPU.Build.0 = Debug|Any CPU
		{4D98DAF8-2E68-457D-B770-F6C026B6FB18}.Release|Any CPU.ActiveCfg = Release|Any CPU
		{4D98DAF8-2E68-457D-B770-F6C026B6FB18}.Release|Any CPU.Build.0 = Release|Any CPU
		{CCA995B1-ABB9-4DEC-9E18-449F61FD9855}.Debug|Any CPU.ActiveCfg = Debug|Any CPU
		{CCA995B1-ABB9-4DEC-9E18-449F61FD9855}.Debug|Any CPU.Build.0 = Debug|Any CPU
		{CCA995B1-ABB9-4DEC-9E18-449F61FD9855}.Release|Any CPU.ActiveCfg = Release|Any CPU
		{CCA995B1-ABB9-4DEC-9E18-449F61FD9855}.Release|Any CPU.Build.0 = Release|Any CPU
	EndGlobalSection
	GlobalSection(SolutionProperties) = preSolution
		HideSolutionNode = FALSE
	EndGlobalSection
	GlobalSection(NestedProjects) = preSolution
		{4D98DAF8-2E68-457D-B770-F6C026B6FB18} = {1E19A668-CD39-4FD0-9389-A9E18723818C}
		{CCA995B1-ABB9-4DEC-9E18-449F61FD9855} = {1E19A668-CD39-4FD0-9389-A9E18723818C}
	EndGlobalSection
	GlobalSection(ExtensibilityGlobals) = postSolution
		SolutionGuid = {97C46648-EC50-4B47-BCB7-B4ADD5A868A5}
	EndGlobalSection
EndGlobal
